
Microsoft Visual Studio Solution File, Format Version 12.00
# Visual Studio 15
Project("{FAE04EC0-301F-11D3-BF4B-00C04F79EFBC}") = "rtc_listener", "rtc_listener.csproj", "{A6C9545C-A9ED-4B15-A556-A715741BB6F8}"
EndProject
Global
	GlobalSection(SolutionConfigurationPlatforms) = preSolution
		Debug|Any CPU = Debug|Any CPU
		Release|Any CPU = Release|Any CPU
	EndGlobalSection
	GlobalSection(ProjectConfigurationPlatforms) = postSolution
		{A6C9545C-A9ED-4B15-A556-A715741BB6F8}.Debug|Any CPU.ActiveCfg = Debug|Any CPU
		{A6C9545C-A9ED-4B15-A556-A715741BB6F8}.Debug|Any CPU.Build.0 = Debug|Any CPU
		{A6C9545C-A9ED-4B15-A556-A715741BB6F8}.Release|Any CPU.ActiveCfg = Release|Any CPU
		{A6C9545C-A9ED-4B15-A556-A715741BB6F8}.Release|Any CPU.Build.0 = Release|Any CPU
	EndGlobalSection
EndGlobal
